
Microsoft Visual Studio Solution File, Format Version 12.00
# Visual Studio Version 16
VisualStudioVersion = 16.0.29306.81
MinimumVisualStudioVersion = 10.0.40219.1
Project("{9A19103F-16F7-4668-BE54-9A1E7A4F7556}") = "OrleansTest.Host", "OrleansTest.Host\OrleansTest.Host.csproj", "{E344454E-1077-4F41-8CAD-9564D160F751}"
EndProject
Project("{9A19103F-16F7-4668-BE54-9A1E7A4F7556}") = "GrainCollection", "GrainCollection\GrainCollection.csproj", "{0231F397-AC0B-456E-B186-0A08DB86F73F}"
EndProject
Project("{9A19103F-16F7-4668-BE54-9A1E7A4F7556}") = "GrainInterfaces", "GrainInterfaces\GrainInterfaces.csproj", "{75468960-CECA-4A06-BF71-E0ECD2F6FC3D}"
EndProject
Project("{9A19103F-16F7-4668-BE54-9A1E7A4F7556}") = "OrleansTest.Client", "OrleansTest.Client\OrleansTest.Client.csproj", "{1ABF3FC9-F9AD-49B1-837A-14C3652BC6A5}"
EndProject
Global
	GlobalSection(SolutionConfigurationPlatforms) = preSolution
		Debug|Any CPU = Debug|Any CPU
		Release|Any CPU = Release|Any CPU
	EndGlobalSection
	GlobalSection(ProjectConfigurationPlatforms) = postSolution
		{E344454E-1077-4F41-8CAD-9564D160F751}.Debug|Any CPU.ActiveCfg = Debug|Any CPU
		{E344454E-1077-4F41-8CAD-9564D160F751}.Debug|Any CPU.Build.0 = Debug|Any CPU
		{E344454E-1077-4F41-8CAD-9564D160F751}.Release|Any CPU.ActiveCfg = Release|Any CPU
		{E344454E-1077-4F41-8CAD-9564D160F751}.Release|Any CPU.Build.0 = Release|Any CPU
		{0231F397-AC0B-456E-B186-0A08DB86F73F}.Debug|Any CPU.ActiveCfg = Debug|Any CPU
		{0231F397-AC0B-456E-B186-0A08DB86F73F}.Debug|Any CPU.Build.0 = Debug|Any CPU
		{0231F397-AC0B-456E-B186-0A08DB86F73F}.Release|Any CPU.ActiveCfg = Release|Any CPU
		{0231F397-AC0B-456E-B186-0A08DB86F73F}.Release|Any CPU.Build.0 = Release|Any CPU
		{75468960-CECA-4A06-BF71-E0ECD2F6FC3D}.Debug|Any CPU.ActiveCfg = Debug|Any CPU
		{75468960-CECA-4A06-BF71-E0ECD2F6FC3D}.Debug|Any CPU.Build.0 = Debug|Any CPU
		{75468960-CECA-4A06-BF71-E0ECD2F6FC3D}.Release|Any CPU.ActiveCfg = Release|Any CPU
		{75468960-CECA-4A06-BF71-E0ECD2F6FC3D}.Release|Any CPU.Build.0 = Release|Any CPU
		{1ABF3FC9-F9AD-49B1-837A-14C3652BC6A5}.Debug|Any CPU.ActiveCfg = Debug|Any CPU
		{1ABF3FC9-F9AD-49B1-837A-14C3652BC6A5}.Debug|Any CPU.Build.0 = Debug|Any CPU
		{1ABF3FC9-F9AD-49B1-837A-14C3652BC6A5}.Release|Any CPU.ActiveCfg = Release|Any CPU
		{1ABF3FC9-F9AD-49B1-837A-14C3652BC6A5}.Release|Any CPU.Build.0 = Release|Any CPU
	EndGlobalSection
	GlobalSection(SolutionProperties) = preSolution
		HideSolutionNode = FALSE
	EndGlobalSection
	GlobalSection(ExtensibilityGlobals) = postSolution
		SolutionGuid = {DF6B60E6-1063-4051-8D89-24413B8D5B30}
	EndGlobalSection
EndGlobal
